
Microsoft Visual Studio Solution File, Format Version 12.00
# Visual Studio 15
VisualStudioVersion = 15.0.28307.271
MinimumVisualStudioVersion = 10.0.40219.1
Project("{FAE04EC0-301F-11D3-BF4B-00C04F79EFBC}") = "Fibonacci Sequence", "Fibonacci Sequence\Fibonacci Sequence.csproj", "{55EAE8F1-2769-4109-A89F-C19C9CED7AD4}"
EndProject
Global
	GlobalSection(SolutionConfigurationPlatforms) = preSolution
		Debug|Any CPU = Debug|Any CPU
		Release|Any CPU = Release|Any CPU
	EndGlobalSection
	GlobalSection(ProjectConfigurationPlatforms) = postSolution
		{55EAE8F1-2769-4109-A89F-C19C9CED7AD4}.Debug|Any CPU.ActiveCfg = Debug|Any CPU
		{55EAE8F1-2769-4109-A89F-C19C9CED7AD4}.Debug|Any CPU.Build.0 = Debug|Any CPU
		{55EAE8F1-2769-4109-A89F-C19C9CED7AD4}.Release|Any CPU.ActiveCfg = Release|Any CPU
		{55EAE8F1-2769-4109-A89F-C19C9CED7AD4}.Release|Any CPU.Build.0 = Release|Any CPU
	EndGlobalSection
	GlobalSection(SolutionProperties) = preSolution
		HideSolutionNode = FALSE
	EndGlobalSection
	GlobalSection(ExtensibilityGlobals) = postSolution
		SolutionGuid = {07C16C81-F433-43A3-8689-AC7E53B378B8}
	EndGlobalSection
EndGlobal
